
Microsoft Visual Studio Solution File, Format Version 12.00
# Visual Studio Version 17
VisualStudioVersion = 17.12.35728.132 d17.12
MinimumVisualStudioVersion = 10.0.40219.1
Project("{FAE04EC0-301F-11D3-BF4B-00C04F79EFBC}") = "Real life problem using JSON file", "Real life problem using JSON file\Real life problem using JSON file.csproj", "{3BCC7E3A-832C-43E7-A3F2-E65B98302753}"
EndProject
Global
	GlobalSection(SolutionConfigurationPlatforms) = preSolution
		Debug|Any CPU = Debug|Any CPU
		Release|Any CPU = Release|Any CPU
	EndGlobalSection
	GlobalSection(ProjectConfigurationPlatforms) = postSolution
		{3BCC7E3A-832C-43E7-A3F2-E65B98302753}.Debug|Any CPU.ActiveCfg = Debug|Any CPU
		{3BCC7E3A-832C-43E7-A3F2-E65B98302753}.Debug|Any CPU.Build.0 = Debug|Any CPU
		{3BCC7E3A-832C-43E7-A3F2-E65B98302753}.Release|Any CPU.ActiveCfg = Release|Any CPU
		{3BCC7E3A-832C-43E7-A3F2-E65B98302753}.Release|Any CPU.Build.0 = Release|Any CPU
	EndGlobalSection
	GlobalSection(SolutionProperties) = preSolution
		HideSolutionNode = FALSE
	EndGlobalSection
EndGlobal
